<?xml version="1.0" encoding="utf-8"?>
<Project ToolsVersion="4.0" xmlns="http://schemas.microsoft.com/developer/msbuild/2003">
  <ItemGroup>
    <ClInclude Include="..\Include\easylogging++.h">
      <Filter>Include</Filter>
    </ClInclude>
    <ClInclude Include="..\Source\Event\Agent.h">
      <Filter>Source\Event</Filter>
    </ClInclude>
    <ClInclude Include="..\Source\Event\Mouse.h">
      <Filter>Source\Event</Filter>
    </ClInclude>
    <ClInclude Include="..\Source\Core.h">
      <Filter>Source</Filter>
    </ClInclude>
    <ClInclude Include="..\Source\Render\Renderer.h">
      <Filter>Source\Render</Filter>
    </ClInclude>
    <ClInclude Include="..\Source\Render\Command.h">
      <Filter>Source\Render</Filter>
    </ClInclude>
    <ClInclude Include="..\Source\Render\WindowSettings.h">
      <Filter>Source\Render</Filter>
    </ClInclude>
    <ClInclude Include="..\Source\Event\GameLoop.h">
      <Filter>Source\Event</Filter>
    </ClInclude>
  </ItemGroup>
  <ItemGroup>
    <Filter Include="Source">
      <UniqueIdentifier>{8138ceef-58be-44f2-8d70-e5cb0a2fdb6c}</UniqueIdentifier>
    </Filter>
    <Filter Include="Include">
      <UniqueIdentifier>{ad0aba8e-72b2-4679-8009-bc79f5d19bf0}</UniqueIdentifier>
    </Filter>
    <Filter Include="Source\Event">
      <UniqueIdentifier>{3d6f919a-a6a9-4e32-9cee-92fb6e25d12e}</UniqueIdentifier>
    </Filter>
    <Filter Include="Source\Render">
      <UniqueIdentifier>{d109bb04-8ffe-4003-8df7-a2ad5855d6df}</UniqueIdentifier>
    </Filter>
  </ItemGroup>
  <ItemGroup>
    <ClCompile Include="..\Source\Event\Mouse.cpp">
      <Filter>Source\Event</Filter>
    </ClCompile>
    <ClCompile Include="..\Source\Core.cpp">
      <Filter>Source</Filter>
    </ClCompile>
    <ClCompile Include="..\Source\Render\Renderer.cpp">
      <Filter>Source\Render</Filter>
    </ClCompile>
    <ClCompile Include="..\Source\Render\Command.cpp">
      <Filter>Source\Render</Filter>
    </ClCompile>
    <ClCompile Include="..\Source\Event\GameLoop.cpp">
      <Filter>Source\Event</Filter>
    </ClCompile>
  </ItemGroup>
</Project>