<?xml version="1.0" encoding="utf-8"?>
<Project ToolsVersion="4.0" xmlns="http://schemas.microsoft.com/developer/msbuild/2003">
  <ItemGroup>
    <Filter Include="Source">
      <UniqueIdentifier>{4FC737F1-C7A5-4376-A066-2A32D752A2FF}</UniqueIdentifier>
      <Extensions>cpp;c;cc;cxx;def;odl;idl;hpj;bat;asm;asmx</Extensions>
    </Filter>
    <Filter Include="Project">
      <UniqueIdentifier>{b793319e-ee3b-48cb-bff0-215884708f59}</UniqueIdentifier>
    </Filter>
    <Filter Include="Include">
      <UniqueIdentifier>{27fa72f8-4087-44c5-98c7-8d44eb37be9c}</UniqueIdentifier>
    </Filter>
    <Filter Include="Source\Event">
      <UniqueIdentifier>{8e2e4e05-64e0-4388-9a69-09a127eece45}</UniqueIdentifier>
    </Filter>
    <Filter Include="Include\Event">
      <UniqueIdentifier>{be06d6fe-fa1c-472a-a5ea-b64e0e016ebc}</UniqueIdentifier>
    </Filter>
  </ItemGroup>
  <ItemGroup>
    <ClCompile Include="..\Source\Test.cpp">
      <Filter>Source</Filter>
    </ClCompile>
    <ClCompile Include="..\Source\Factory.cpp">
      <Filter>Source</Filter>
    </ClCompile>
    <ClCompile Include="..\Source\Workshop.cpp">
      <Filter>Source</Filter>
    </ClCompile>
    <ClCompile Include="..\Source\ResourceStack.cpp">
      <Filter>Source</Filter>
    </ClCompile>
    <ClCompile Include="..\Source\Worker.cpp">
      <Filter>Source</Filter>
    </ClCompile>
    <ClCompile Include="..\Source\Resource.cpp">
      <Filter>Source</Filter>
    </ClCompile>
    <ClCompile Include="..\Source\Treadmill.cpp">
      <Filter>Source</Filter>
    </ClCompile>
    <ClCompile Include="..\Source\Event\Mouse.cpp">
      <Filter>Source\Event</Filter>
    </ClCompile>
    <ClCompile Include="..\Source\Event\GameLoop.cpp">
      <Filter>Source\Event</Filter>
    </ClCompile>
    <ClCompile Include="..\Source\Event\Keyboard.cpp">
      <Filter>Source\Event</Filter>
    </ClCompile>
  </ItemGroup>
  <ItemGroup>
    <None Include="..\..\Allegro++\Project\packages.config">
      <Filter>Project</Filter>
    </None>
  </ItemGroup>
  <ItemGroup>
    <ClInclude Include="..\Include\plh\Resource.h">
      <Filter>Include</Filter>
    </ClInclude>
    <ClInclude Include="..\Include\plh\ResourceStack.h">
      <Filter>Include</Filter>
    </ClInclude>
    <ClInclude Include="..\Include\plh\Worker.h">
      <Filter>Include</Filter>
    </ClInclude>
    <ClInclude Include="..\Include\plh\Workshop.h">
      <Filter>Include</Filter>
    </ClInclude>
    <ClInclude Include="..\Include\plh\Common.h">
      <Filter>Include</Filter>
    </ClInclude>
    <ClInclude Include="..\Include\plh\Factory.h">
      <Filter>Include</Filter>
    </ClInclude>
    <ClInclude Include="..\Include\plh\Treadmill.h">
      <Filter>Include</Filter>
    </ClInclude>
    <ClInclude Include="..\Include\plh\Event\Keyboard.h">
      <Filter>Include\Event</Filter>
    </ClInclude>
    <ClInclude Include="..\Include\plh\Event\Mouse.h">
      <Filter>Include\Event</Filter>
    </ClInclude>
    <ClInclude Include="..\Include\plh\Event\GameLoop.h">
      <Filter>Include\Event</Filter>
    </ClInclude>
  </ItemGroup>
</Project>