<?xml version="1.0" encoding="utf-8"?>
<Project ToolsVersion="4.0" xmlns="http://schemas.microsoft.com/developer/msbuild/2003">
  <ItemGroup>
    <Filter Include="Source">
      <UniqueIdentifier>{4FC737F1-C7A5-4376-A066-2A32D752A2FF}</UniqueIdentifier>
      <Extensions>cpp;c;cc;cxx;def;odl;idl;hpj;bat;asm;asmx</Extensions>
    </Filter>
    <Filter Include="Project">
      <UniqueIdentifier>{b793319e-ee3b-48cb-bff0-215884708f59}</UniqueIdentifier>
    </Filter>
    <Filter Include="Include">
      <UniqueIdentifier>{67b31b38-8248-49e5-bc99-8758b39e2335}</UniqueIdentifier>
    </Filter>
    <Filter Include="Include\aplib">
      <UniqueIdentifier>{2b10d2fb-c503-408a-bf52-294073d30ae1}</UniqueIdentifier>
    </Filter>
  </ItemGroup>
  <ItemGroup>
    <ClCompile Include="..\Source\Test.cpp">
      <Filter>Source</Filter>
    </ClCompile>
    <ClCompile Include="..\Source\Factory.cpp">
      <Filter>Source</Filter>
    </ClCompile>
    <ClCompile Include="..\Source\Workshop.cpp">
      <Filter>Source</Filter>
    </ClCompile>
    <ClCompile Include="..\Source\ResourceStack.cpp">
      <Filter>Source</Filter>
    </ClCompile>
    <ClCompile Include="..\Source\Worker.cpp">
      <Filter>Source</Filter>
    </ClCompile>
    <ClCompile Include="..\Source\Resource.cpp">
      <Filter>Source</Filter>
    </ClCompile>
    <ClCompile Include="..\Source\Threadmill.cpp">
      <Filter>Source</Filter>
    </ClCompile>
  </ItemGroup>
  <ItemGroup>
    <None Include="..\..\Allegro++\Project\packages.config">
      <Filter>Project</Filter>
    </None>
  </ItemGroup>
  <ItemGroup>
    <ClInclude Include="..\Source\Factory.h">
      <Filter>Source</Filter>
    </ClInclude>
    <ClInclude Include="..\Source\Workshop.h">
      <Filter>Source</Filter>
    </ClInclude>
    <ClInclude Include="..\Source\ResourceStack.h">
      <Filter>Source</Filter>
    </ClInclude>
    <ClInclude Include="..\Source\Worker.h">
      <Filter>Source</Filter>
    </ClInclude>
    <ClInclude Include="..\Source\Resource.h">
      <Filter>Source</Filter>
    </ClInclude>
    <ClInclude Include="..\Source\Common.h">
      <Filter>Source</Filter>
    </ClInclude>
    <ClInclude Include="..\Include\aplib\Direction2D.h">
      <Filter>Include\aplib</Filter>
    </ClInclude>
    <ClInclude Include="..\Include\aplib\Vector2D.h">
      <Filter>Include\aplib</Filter>
    </ClInclude>
    <ClInclude Include="..\Include\aplib\Random.h">
      <Filter>Include\aplib</Filter>
    </ClInclude>
    <ClInclude Include="..\Source\Threadmill.h">
      <Filter>Source</Filter>
    </ClInclude>
  </ItemGroup>
</Project>